
Microsoft Visual Studio Solution File, Format Version 12.00
# Visual Studio Version 16
VisualStudioVersion = 16.0.30804.86
MinimumVisualStudioVersion = 10.0.40219.1
Project("{FAE04EC0-301F-11D3-BF4B-00C04F79EFBC}") = "FistWPFproject", "FistWPFproject\FistWPFproject.csproj", "{298A9E42-69F9-46D2-81D3-AB781CBF290B}"
EndProject
Global
	GlobalSection(SolutionConfigurationPlatforms) = preSolution
		Debug|Any CPU = Debug|Any CPU
		Release|Any CPU = Release|Any CPU
	EndGlobalSection
	GlobalSection(ProjectConfigurationPlatforms) = postSolution
		{298A9E42-69F9-46D2-81D3-AB781CBF290B}.Debug|Any CPU.ActiveCfg = Debug|Any CPU
		{298A9E42-69F9-46D2-81D3-AB781CBF290B}.Debug|Any CPU.Build.0 = Debug|Any CPU
		{298A9E42-69F9-46D2-81D3-AB781CBF290B}.Release|Any CPU.ActiveCfg = Release|Any CPU
		{298A9E42-69F9-46D2-81D3-AB781CBF290B}.Release|Any CPU.Build.0 = Release|Any CPU
	EndGlobalSection
	GlobalSection(SolutionProperties) = preSolution
		HideSolutionNode = FALSE
	EndGlobalSection
	GlobalSection(ExtensibilityGlobals) = postSolution
		SolutionGuid = {11B86BE3-7F86-4C08-B53F-356E2C78525E}
	EndGlobalSection
EndGlobal
